
Microsoft Visual Studio Solution File, Format Version 12.00
# Visual Studio Version 16
VisualStudioVersion = 16.0.31112.23
MinimumVisualStudioVersion = 10.0.40219.1
Project("{9A19103F-16F7-4668-BE54-9A1E7A4F7556}") = "FitnessTrainer", "FitnessTrainer\FitnessTrainer.csproj", "{5C3A07B5-D408-4317-834B-C939D22DFCF8}"
EndProject
Project("{9A19103F-16F7-4668-BE54-9A1E7A4F7556}") = "FitnessTrainer.DomainEntities", "FitnessTrainer.DomainEntities\FitnessTrainer.DomainEntities.csproj", "{FDEFCDDA-47A9-4826-88FB-5DF6B107BBE5}"
EndProject
Project("{9A19103F-16F7-4668-BE54-9A1E7A4F7556}") = "FitnessTrainer.DataAccess", "FitnessTrainer.DataAccess\FitnessTrainer.DataAccess.csproj", "{785B675E-300C-44F0-B5C0-478067343B62}"
EndProject
Project("{9A19103F-16F7-4668-BE54-9A1E7A4F7556}") = "FitnessTrainer.ViewModels", "FitnessTrainer.ViewModels\FitnessTrainer.ViewModels.csproj", "{48304320-A0EA-44E9-8EC8-576A086C4D3A}"
EndProject
Project("{9A19103F-16F7-4668-BE54-9A1E7A4F7556}") = "FitnessTrainer.Services", "FitnessTrainer.Services\FitnessTrainer.Services.csproj", "{149C79E0-B25A-4E82-AB8D-4532CF465E3E}"
EndProject
Project("{FAE04EC0-301F-11D3-BF4B-00C04F79EFBC}") = "FitnessTrainer.MobileApp", "FitnessTrainer.MobileApp\FitnessTrainer.MobileApp.csproj", "{10D71557-EF9D-4781-AC88-431A32ACEAE1}"
EndProject
Project("{FAE04EC0-301F-11D3-BF4B-00C04F79EFBC}") = "FitnessTrainer.ControllerTests", "FitnessTrainer.ControllerTests\FitnessTrainer.ControllerTests.csproj", "{467D2063-56C8-49E3-9650-370FFE3E3A91}"
EndProject
Global
	GlobalSection(SolutionConfigurationPlatforms) = preSolution
		Debug|Any CPU = Debug|Any CPU
		Debug|iPhone = Debug|iPhone
		Debug|iPhoneSimulator = Debug|iPhoneSimulator
		Release|Any CPU = Release|Any CPU
		Release|iPhone = Release|iPhone
		Release|iPhoneSimulator = Release|iPhoneSimulator
	EndGlobalSection
	GlobalSection(ProjectConfigurationPlatforms) = postSolution
		{5C3A07B5-D408-4317-834B-C939D22DFCF8}.Debug|Any CPU.ActiveCfg = Debug|Any CPU
		{5C3A07B5-D408-4317-834B-C939D22DFCF8}.Debug|Any CPU.Build.0 = Debug|Any CPU
		{5C3A07B5-D408-4317-834B-C939D22DFCF8}.Debug|iPhone.ActiveCfg = Debug|Any CPU
		{5C3A07B5-D408-4317-834B-C939D22DFCF8}.Debug|iPhone.Build.0 = Debug|Any CPU
		{5C3A07B5-D408-4317-834B-C939D22DFCF8}.Debug|iPhoneSimulator.ActiveCfg = Debug|Any CPU
		{5C3A07B5-D408-4317-834B-C939D22DFCF8}.Debug|iPhoneSimulator.Build.0 = Debug|Any CPU
		{5C3A07B5-D408-4317-834B-C939D22DFCF8}.Release|Any CPU.ActiveCfg = Release|Any CPU
		{5C3A07B5-D408-4317-834B-C939D22DFCF8}.Release|Any CPU.Build.0 = Release|Any CPU
		{5C3A07B5-D408-4317-834B-C939D22DFCF8}.Release|iPhone.ActiveCfg = Release|Any CPU
		{5C3A07B5-D408-4317-834B-C939D22DFCF8}.Release|iPhone.Build.0 = Release|Any CPU
		{5C3A07B5-D408-4317-834B-C939D22DFCF8}.Release|iPhoneSimulator.ActiveCfg = Release|Any CPU
		{5C3A07B5-D408-4317-834B-C939D22DFCF8}.Release|iPhoneSimulator.Build.0 = Release|Any CPU
		{FDEFCDDA-47A9-4826-88FB-5DF6B107BBE5}.Debug|Any CPU.ActiveCfg = Debug|Any CPU
		{FDEFCDDA-47A9-4826-88FB-5DF6B107BBE5}.Debug|Any CPU.Build.0 = Debug|Any CPU
		{FDEFCDDA-47A9-4826-88FB-5DF6B107BBE5}.Debug|iPhone.ActiveCfg = Debug|Any CPU
		{FDEFCDDA-47A9-4826-88FB-5DF6B107BBE5}.Debug|iPhone.Build.0 = Debug|Any CPU
		{FDEFCDDA-47A9-4826-88FB-5DF6B107BBE5}.Debug|iPhoneSimulator.ActiveCfg = Debug|Any CPU
		{FDEFCDDA-47A9-4826-88FB-5DF6B107BBE5}.Debug|iPhoneSimulator.Build.0 = Debug|Any CPU
		{FDEFCDDA-47A9-4826-88FB-5DF6B107BBE5}.Release|Any CPU.ActiveCfg = Release|Any CPU
		{FDEFCDDA-47A9-4826-88FB-5DF6B107BBE5}.Release|Any CPU.Build.0 = Release|Any CPU
		{FDEFCDDA-47A9-4826-88FB-5DF6B107BBE5}.Release|iPhone.ActiveCfg = Release|Any CPU
		{FDEFCDDA-47A9-4826-88FB-5DF6B107BBE5}.Release|iPhone.Build.0 = Release|Any CPU
		{FDEFCDDA-47A9-4826-88FB-5DF6B107BBE5}.Release|iPhoneSimulator.ActiveCfg = Release|Any CPU
		{FDEFCDDA-47A9-4826-88FB-5DF6B107BBE5}.Release|iPhoneSimulator.Build.0 = Release|Any CPU
		{785B675E-300C-44F0-B5C0-478067343B62}.Debug|Any CPU.ActiveCfg = Debug|Any CPU
		{785B675E-300C-44F0-B5C0-478067343B62}.Debug|Any CPU.Build.0 = Debug|Any CPU
		{785B675E-300C-44F0-B5C0-478067343B62}.Debug|iPhone.ActiveCfg = Debug|Any CPU
		{785B675E-300C-44F0-B5C0-478067343B62}.Debug|iPhone.Build.0 = Debug|Any CPU
		{785B675E-300C-44F0-B5C0-478067343B62}.Debug|iPhoneSimulator.ActiveCfg = Debug|Any CPU
		{785B675E-300C-44F0-B5C0-478067343B62}.Debug|iPhoneSimulator.Build.0 = Debug|Any CPU
		{785B675E-300C-44F0-B5C0-478067343B62}.Release|Any CPU.ActiveCfg = Release|Any CPU
		{785B675E-300C-44F0-B5C0-478067343B62}.Release|Any CPU.Build.0 = Release|Any CPU
		{785B675E-300C-44F0-B5C0-478067343B62}.Release|iPhone.ActiveCfg = Release|Any CPU
		{785B675E-300C-44F0-B5C0-478067343B62}.Release|iPhone.Build.0 = Release|Any CPU
		{785B675E-300C-44F0-B5C0-478067343B62}.Release|iPhoneSimulator.ActiveCfg = Release|Any CPU
		{785B675E-300C-44F0-B5C0-478067343B62}.Release|iPhoneSimulator.Build.0 = Release|Any CPU
		{48304320-A0EA-44E9-8EC8-576A086C4D3A}.Debug|Any CPU.ActiveCfg = Debug|Any CPU
		{48304320-A0EA-44E9-8EC8-576A086C4D3A}.Debug|Any CPU.Build.0 = Debug|Any CPU
		{48304320-A0EA-44E9-8EC8-576A086C4D3A}.Debug|iPhone.ActiveCfg = Debug|Any CPU
		{48304320-A0EA-44E9-8EC8-576A086C4D3A}.Debug|iPhone.Build.0 = Debug|Any CPU
		{48304320-A0EA-44E9-8EC8-576A086C4D3A}.Debug|iPhoneSimulator.ActiveCfg = Debug|Any CPU
		{48304320-A0EA-44E9-8EC8-576A086C4D3A}.Debug|iPhoneSimulator.Build.0 = Debug|Any CPU
		{48304320-A0EA-44E9-8EC8-576A086C4D3A}.Release|Any CPU.ActiveCfg = Release|Any CPU
		{48304320-A0EA-44E9-8EC8-576A086C4D3A}.Release|Any CPU.Build.0 = Release|Any CPU
		{48304320-A0EA-44E9-8EC8-576A086C4D3A}.Release|iPhone.ActiveCfg = Release|Any CPU
		{48304320-A0EA-44E9-8EC8-576A086C4D3A}.Release|iPhone.Build.0 = Release|Any CPU
		{48304320-A0EA-44E9-8EC8-576A086C4D3A}.Release|iPhoneSimulator.ActiveCfg = Release|Any CPU
		{48304320-A0EA-44E9-8EC8-576A086C4D3A}.Release|iPhoneSimulator.Build.0 = Release|Any CPU
		{149C79E0-B25A-4E82-AB8D-4532CF465E3E}.Debug|Any CPU.ActiveCfg = Debug|Any CPU
		{149C79E0-B25A-4E82-AB8D-4532CF465E3E}.Debug|Any CPU.Build.0 = Debug|Any CPU
		{149C79E0-B25A-4E82-AB8D-4532CF465E3E}.Debug|iPhone.ActiveCfg = Debug|Any CPU
		{149C79E0-B25A-4E82-AB8D-4532CF465E3E}.Debug|iPhone.Build.0 = Debug|Any CPU
		{149C79E0-B25A-4E82-AB8D-4532CF465E3E}.Debug|iPhoneSimulator.ActiveCfg = Debug|Any CPU
		{149C79E0-B25A-4E82-AB8D-4532CF465E3E}.Debug|iPhoneSimulator.Build.0 = Debug|Any CPU
		{149C79E0-B25A-4E82-AB8D-4532CF465E3E}.Release|Any CPU.ActiveCfg = Release|Any CPU
		{149C79E0-B25A-4E82-AB8D-4532CF465E3E}.Release|Any CPU.Build.0 = Release|Any CPU
		{149C79E0-B25A-4E82-AB8D-4532CF465E3E}.Release|iPhone.ActiveCfg = Release|Any CPU
		{149C79E0-B25A-4E82-AB8D-4532CF465E3E}.Release|iPhone.Build.0 = Release|Any CPU
		{149C79E0-B25A-4E82-AB8D-4532CF465E3E}.Release|iPhoneSimulator.ActiveCfg = Release|Any CPU
		{149C79E0-B25A-4E82-AB8D-4532CF465E3E}.Release|iPhoneSimulator.Build.0 = Release|Any CPU
		{10D71557-EF9D-4781-AC88-431A32ACEAE1}.Debug|Any CPU.ActiveCfg = Debug|Any CPU
		{10D71557-EF9D-4781-AC88-431A32ACEAE1}.Debug|Any CPU.Build.0 = Debug|Any CPU
		{10D71557-EF9D-4781-AC88-431A32ACEAE1}.Debug|Any CPU.Deploy.0 = Debug|Any CPU
		{10D71557-EF9D-4781-AC88-431A32ACEAE1}.Debug|iPhone.ActiveCfg = Debug|Any CPU
		{10D71557-EF9D-4781-AC88-431A32ACEAE1}.Debug|iPhone.Build.0 = Debug|Any CPU
		{10D71557-EF9D-4781-AC88-431A32ACEAE1}.Debug|iPhone.Deploy.0 = Debug|Any CPU
		{10D71557-EF9D-4781-AC88-431A32ACEAE1}.Debug|iPhoneSimulator.ActiveCfg = Debug|Any CPU
		{10D71557-EF9D-4781-AC88-431A32ACEAE1}.Debug|iPhoneSimulator.Build.0 = Debug|Any CPU
		{10D71557-EF9D-4781-AC88-431A32ACEAE1}.Debug|iPhoneSimulator.Deploy.0 = Debug|Any CPU
		{10D71557-EF9D-4781-AC88-431A32ACEAE1}.Release|Any CPU.ActiveCfg = Release|Any CPU
		{10D71557-EF9D-4781-AC88-431A32ACEAE1}.Release|Any CPU.Build.0 = Release|Any CPU
		{10D71557-EF9D-4781-AC88-431A32ACEAE1}.Release|Any CPU.Deploy.0 = Release|Any CPU
		{10D71557-EF9D-4781-AC88-431A32ACEAE1}.Release|iPhone.ActiveCfg = Release|Any CPU
		{10D71557-EF9D-4781-AC88-431A32ACEAE1}.Release|iPhone.Build.0 = Release|Any CPU
		{10D71557-EF9D-4781-AC88-431A32ACEAE1}.Release|iPhone.Deploy.0 = Release|Any CPU
		{10D71557-EF9D-4781-AC88-431A32ACEAE1}.Release|iPhoneSimulator.ActiveCfg = Release|Any CPU
		{10D71557-EF9D-4781-AC88-431A32ACEAE1}.Release|iPhoneSimulator.Build.0 = Release|Any CPU
		{10D71557-EF9D-4781-AC88-431A32ACEAE1}.Release|iPhoneSimulator.Deploy.0 = Release|Any CPU
		{467D2063-56C8-49E3-9650-370FFE3E3A91}.Debug|Any CPU.ActiveCfg = Debug|Any CPU
		{467D2063-56C8-49E3-9650-370FFE3E3A91}.Debug|Any CPU.Build.0 = Debug|Any CPU
		{467D2063-56C8-49E3-9650-370FFE3E3A91}.Debug|iPhone.ActiveCfg = Debug|Any CPU
		{467D2063-56C8-49E3-9650-370FFE3E3A91}.Debug|iPhone.Build.0 = Debug|Any CPU
		{467D2063-56C8-49E3-9650-370FFE3E3A91}.Debug|iPhoneSimulator.ActiveCfg = Debug|Any CPU
		{467D2063-56C8-49E3-9650-370FFE3E3A91}.Debug|iPhoneSimulator.Build.0 = Debug|Any CPU
		{467D2063-56C8-49E3-9650-370FFE3E3A91}.Release|Any CPU.ActiveCfg = Release|Any CPU
		{467D2063-56C8-49E3-9650-370FFE3E3A91}.Release|Any CPU.Build.0 = Release|Any CPU
		{467D2063-56C8-49E3-9650-370FFE3E3A91}.Release|iPhone.ActiveCfg = Release|Any CPU
		{467D2063-56C8-49E3-9650-370FFE3E3A91}.Release|iPhone.Build.0 = Release|Any CPU
		{467D2063-56C8-49E3-9650-370FFE3E3A91}.Release|iPhoneSimulator.ActiveCfg = Release|Any CPU
		{467D2063-56C8-49E3-9650-370FFE3E3A91}.Release|iPhoneSimulator.Build.0 = Release|Any CPU
	EndGlobalSection
	GlobalSection(SolutionProperties) = preSolution
		HideSolutionNode = FALSE
	EndGlobalSection
	GlobalSection(ExtensibilityGlobals) = postSolution
		SolutionGuid = {846C1E0B-A0AD-47D4-BD6D-228991762ACA}
	EndGlobalSection
EndGlobal
